{
  "nodes": {
    "caelestia-cli": {
      "inputs": {
        "caelestia-shell": [
          "caelestia-shell"
        ],
        "nixpkgs": [
          "caelestia-shell",
          "nixpkgs"
        ]
      },
      "locked": {
        "lastModified": 1766195958,
        "narHash": "sha256-YGawjW7RDzzOEiovrRGyRoXfjISbgLz4BVN9ZMb8LEc=",
        "owner": "caelestia-dots",
        "repo": "cli",
        "rev": "8c83ae1e6a60de7d496d346bf3623f789a9f53e3",
        "type": "github"
      },
      "original": {
        "owner": "caelestia-dots",
        "repo": "cli",
        "type": "github"
      }
    },
    "caelestia-shell": {
      "inputs": {
        "caelestia-cli": "caelestia-cli",
        "nixpkgs": [
          "nixpkgs"
        ],
        "quickshell": "quickshell"
      },
      "locked": {
        "lastModified": 1766280311,
        "narHash": "sha256-Ty4GT6EaQFaL9E/dKcJB1Q30ByGkxXV6U1eu8+PS5Dc=",
        "owner": "caelestia-dots",
        "repo": "shell",
        "rev": "66e509ae488b2c0468f2c803fd34c2625ca725dc",
        "type": "github"
      },
      "original": {
        "owner": "caelestia-dots",
        "repo": "shell",
        "type": "github"
      }
    },
    "doomemacs": {
      "flake": false,
      "locked": {
        "lastModified": 1766618641,
        "narHash": "sha256-/zLb6YzJJ3ZnTCjmakOOt83qtQiF9+GJ2NesFk+c8WM=",
        "owner": "doomemacs",
        "repo": "doomemacs",
        "rev": "21682009b155c0b67ec47100e09cad3b298aa52f",
        "type": "github"
      },
      "original": {
        "owner": "doomemacs",
        "repo": "doomemacs",
        "type": "github"
      }
    },
    "emacs-overlay": {
      "inputs": {
        "nixpkgs": [
          "nix-doom-emacs-unstraightened"
        ],
        "nixpkgs-stable": [
          "nix-doom-emacs-unstraightened"
        ]
      },
      "locked": {
        "lastModified": 1766737834,
        "narHash": "sha256-/tlBtwpFzr2c49EfzMEiwycAS7WGZSTdM488QB9tlgg=",
        "owner": "nix-community",
        "repo": "emacs-overlay",
        "rev": "f4f94ced63b1ba7c1fe5a8d0612b5c2c4c44b0bc",
        "type": "github"
      },
      "original": {
        "owner": "nix-community",
        "repo": "emacs-overlay",
        "type": "github"
      }
    },
    "home-manager": {
      "inputs": {
        "nixpkgs": [
          "nixpkgs"
        ]
      },
      "locked": {
        "lastModified": 1766553861,
        "narHash": "sha256-ZbnG01yA3O8Yr1vUm3+NQ2qk9iRhS5bloAnuXHHy7+c=",
        "owner": "nix-community",
        "repo": "home-manager",
        "rev": "0999ed8f965bbbd991437ad9c5ed3434cecbc30e",
        "type": "github"
      },
      "original": {
        "owner": "nix-community",
        "ref": "release-25.11",
        "repo": "home-manager",
        "type": "github"
      }
    },
    "nix-doom-emacs-unstraightened": {
      "inputs": {
        "doomemacs": "doomemacs",
        "emacs-overlay": "emacs-overlay",
        "nixpkgs": [
          "nixpkgs"
        ],
        "systems": "systems"
      },
      "locked": {
        "lastModified": 1766738714,
        "narHash": "sha256-7kIfulmTW1aHEYVF8jLACdzbUJPrYerMXrcUB1NSyDk=",
        "owner": "marienz",
        "repo": "nix-doom-emacs-unstraightened",
        "rev": "726300f3861897c2e5519acd3dd74ca8aea16b62",
        "type": "github"
      },
      "original": {
        "owner": "marienz",
        "repo": "nix-doom-emacs-unstraightened",
        "type": "github"
      }
    },
    "nixpkgs": {
      "locked": {
        "lastModified": 1766622938,
        "narHash": "sha256-Eovt/DOCYjFFBZuYbbG9j5jhklzxdNbUGVYYxh3lG3s=",
        "owner": "NixOs",
        "repo": "nixpkgs",
        "rev": "5900a0a8850cbba98e16d5a7a6ed389402dfcf4f",
        "type": "github"
      },
      "original": {
        "owner": "NixOs",
        "ref": "nixos-25.11",
        "repo": "nixpkgs",
        "type": "github"
      }
    },
    "quickshell": {
      "inputs": {
        "nixpkgs": [
          "caelestia-shell",
          "nixpkgs"
        ]
      },
      "locked": {
        "lastModified": 1764663772,
        "narHash": "sha256-sHqLmm0wAt3PC4vczJeBozI1/f4rv9yp3IjkClHDXDs=",
        "ref": "refs/heads/master",
        "rev": "26531fc46ef17e9365b03770edd3fb9206fcb460",
        "revCount": 713,
        "type": "git",
        "url": "https://git.outfoxxed.me/outfoxxed/quickshell"
      },
      "original": {
        "type": "git",
        "url": "https://git.outfoxxed.me/outfoxxed/quickshell"
      }
    },
    "root": {
      "inputs": {
        "caelestia-shell": "caelestia-shell",
        "home-manager": "home-manager",
        "nix-doom-emacs-unstraightened": "nix-doom-emacs-unstraightened",
        "nixpkgs": "nixpkgs"
      }
    },
    "systems": {
      "locked": {
        "lastModified": 1681028828,
        "narHash": "sha256-Vy1rq5AaRuLzOxct8nz4T6wlgyUR7zLU309k9mBC768=",
        "owner": "nix-systems",
        "repo": "default",
        "rev": "da67096a3b9bf56a91d16901293e51ba5b49a27e",
        "type": "github"
      },
      "original": {
        "owner": "nix-systems",
        "repo": "default",
        "type": "github"
      }
    }
  },
  "root": "root",
  "version": 7
}
